
Microsoft Visual Studio Solution File, Format Version 12.00
# Visual Studio 14
VisualStudioVersion = 14.0.25420.1
MinimumVisualStudioVersion = 10.0.40219.1
Project("{FAE04EC0-301F-11D3-BF4B-00C04F79EFBC}") = "Svenkle.MassTransitExtensionMethods", "src\Svenkle.MassTransitExtensionMethods\Svenkle.MassTransitExtensionMethods.csproj", "{D1509B6C-0282-48A2-A7C2-BC8C2B3FFCF1}"
EndProject
Global
	GlobalSection(SolutionConfigurationPlatforms) = preSolution
		Debug|Any CPU = Debug|Any CPU
		Release|Any CPU = Release|Any CPU
	EndGlobalSection
	GlobalSection(ProjectConfigurationPlatforms) = postSolution
		{D1509B6C-0282-48A2-A7C2-BC8C2B3FFCF1}.Debug|Any CPU.ActiveCfg = Debug|Any CPU
		{D1509B6C-0282-48A2-A7C2-BC8C2B3FFCF1}.Debug|Any CPU.Build.0 = Debug|Any CPU
		{D1509B6C-0282-48A2-A7C2-BC8C2B3FFCF1}.Release|Any CPU.ActiveCfg = Release|Any CPU
		{D1509B6C-0282-48A2-A7C2-BC8C2B3FFCF1}.Release|Any CPU.Build.0 = Release|Any CPU
	EndGlobalSection
	GlobalSection(SolutionProperties) = preSolution
		HideSolutionNode = FALSE
	EndGlobalSection
EndGlobal
